// !$*UTF8*$!
{
	archiveVersion = 1;
	classes = {
	};
	objectVersion = 56;
	objects = {

/* Begin PBXBuildFile section */
		D70A2C3629B453930026317B /* TrialApp.swift in Sources */ = {isa = PBXBuildFile; fileRef = D70A2C3529B453930026317B /* TrialApp.swift */; };
		D70A2C3829B453930026317B /* Persistence.swift in Sources */ = {isa = PBXBuildFile; fileRef = D70A2C3729B453930026317B /* Persistence.swift */; };
		D70A2C3B29B453930026317B /* Trial.xcdatamodeld in Sources */ = {isa = PBXBuildFile; fileRef = D70A2C3929B453930026317B /* Trial.xcdatamodeld */; };
		D70A2C3D29B453930026317B /* ContentView.swift in Sources */ = {isa = PBXBuildFile; fileRef = D70A2C3C29B453930026317B /* ContentView.swift */; };
		D70A2C3F29B453940026317B /* Assets.xcassets in Resources */ = {isa = PBXBuildFile; fileRef = D70A2C3E29B453940026317B /* Assets.xcassets */; };
		D70A2C4329B453940026317B /* Preview Assets.xcassets in Resources */ = {isa = PBXBuildFile; fileRef = D70A2C4229B453940026317B /* Preview Assets.xcassets */; };
		D70A2C4D29B453940026317B /* TrialTests.swift in Sources */ = {isa = PBXBuildFile; fileRef = D70A2C4C29B453940026317B /* TrialTests.swift */; };
		D70A2C5729B453940026317B /* TrialUITests.swift in Sources */ = {isa = PBXBuildFile; fileRef = D70A2C5629B453940026317B /* TrialUITests.swift */; };
		D70A2C5929B453940026317B /* TrialUITestsLaunchTests.swift in Sources */ = {isa = PBXBuildFile; fileRef = D70A2C5829B453940026317B /* TrialUITestsLaunchTests.swift */; };
/* End PBXBuildFile section */

/* Begin PBXContainerItemProxy section */
		D70A2C4929B453940026317B /* PBXContainerItemProxy */ = {
			isa = PBXContainerItemProxy;
			containerPortal = D70A2C2A29B453930026317B /* Project object */;
			proxyType = 1;
			remoteGlobalIDString = D70A2C3129B453930026317B;
			remoteInfo = Trial;
		};
		D70A2C5329B453940026317B /* PBXContainerItemProxy */ = {
			isa = PBXContainerItemProxy;
			containerPortal = D70A2C2A29B453930026317B /* Project object */;
			proxyType = 1;
			remoteGlobalIDString = D70A2C3129B453930026317B;
			remoteInfo = Trial;
		};
/* End PBXContainerItemProxy section */

/* Begin PBXFileReference section */
		D70A2C3229B453930026317B /* Trial.app */ = {isa = PBXFileReference; explicitFileType = wrapper.application; includeInIndex = 0; path = Trial.app; sourceTree = BUILT_PRODUCTS_DIR; };
		D70A2C3529B453930026317B /* TrialApp.swift */ = {isa = PBXFileReference; lastKnownFileType = sourcecode.swift; path = TrialApp.swift; sourceTree = "<group>"; };
		D70A2C3729B453930026317B /* Persistence.swift */ = {isa = PBXFileReference; lastKnownFileType = sourcecode.swift; path = Persistence.swift; sourceTree = "<group>"; };
		D70A2C3A29B453930026317B /* Trial.xcdatamodel */ = {isa = PBXFileReference; lastKnownFileType = wrapper.xcdatamodel; path = Trial.xcdatamodel; sourceTree = "<group>"; };
		D70A2C3C29B453930026317B /* ContentView.swift */ = {isa = PBXFileReference; lastKnownFileType = sourcecode.swift; path = ContentView.swift; sourceTree = "<group>"; };
		D70A2C3E29B453940026317B /* Assets.xcassets */ = {isa = PBXFileReference; lastKnownFileType = folder.assetcatalog; path = Assets.xcassets; sourceTree = "<group>"; };
		D70A2C4029B453940026317B /* Trial.entitlements */ = {isa = PBXFileReference; lastKnownFileType = text.plist.entitlements; path = Trial.entitlements; sourceTree = "<group>"; };
		D70A2C4229B453940026317B /* Preview Assets.xcassets */ = {isa = PBXFileReference; lastKnownFileType = folder.assetcatalog; path = "Preview Assets.xcassets"; sourceTree = "<group>"; };
		D70A2C4829B453940026317B /* TrialTests.xctest */ = {isa = PBXFileReference; explicitFileType = wrapper.cfbundle; includeInIndex = 0; path = TrialTests.xctest; sourceTree = BUILT_PRODUCTS_DIR; };
		D70A2C4C29B453940026317B /* TrialTests.swift */ = {isa = PBXFileReference; lastKnownFileType = sourcecode.swift; path = TrialTests.swift; sourceTree = "<group>"; };
		D70A2C5229B453940026317B /* TrialUITests.xctest */ = {isa = PBXFileReference; explicitFileType = wrapper.cfbundle; includeInIndex = 0; path = TrialUITests.xctest; sourceTree = BUILT_PRODUCTS_DIR; };
		D70A2C5629B453940026317B /* TrialUITests.swift */ = {isa = PBXFileReference; lastKnownFileType = sourcecode.swift; path = TrialUITests.swift; sourceTree = "<group>"; };
		D70A2C5829B453940026317B /* TrialUITestsLaunchTests.swift */ = {isa = PBXFileReference; lastKnownFileType = sourcecode.swift; path = TrialUITestsLaunchTests.swift; sourceTree = "<group>"; };
/* End PBXFileReference section */

/* Begin PBXFrameworksBuildPhase section */
		D70A2C2F29B453930026317B /* Frameworks */ = {
			isa = PBXFrameworksBuildPhase;
			buildActionMask = 2147483647;
			files = (
			);
			runOnlyForDeploymentPostprocessing = 0;
		};
		D70A2C4529B453940026317B /* Frameworks */ = {
			isa = PBXFrameworksBuildPhase;
			buildActionMask = 2147483647;
			files = (
			);
			runOnlyForDeploymentPostprocessing = 0;
		};
		D70A2C4F29B453940026317B /* Frameworks */ = {
			isa = PBXFrameworksBuildPhase;
			buildActionMask = 2147483647;
			files = (
			);
			runOnlyForDeploymentPostprocessing = 0;
		};
/* End PBXFrameworksBuildPhase section */

/* Begin PBXGroup section */
		D70A2C2929B453930026317B = {
			isa = PBXGroup;
			children = (
				D70A2C3429B453930026317B /* Trial */,
				D70A2C4B29B453940026317B /* TrialTests */,
				D70A2C5529B453940026317B /* TrialUITests */,
				D70A2C3329B453930026317B /* Products */,
			);
			sourceTree = "<group>";
		};
		D70A2C3329B453930026317B /* Products */ = {
			isa = PBXGroup;
			children = (
				D70A2C3229B453930026317B /* Trial.app */,
				D70A2C4829B453940026317B /* TrialTests.xctest */,
				D70A2C5229B453940026317B /* TrialUITests.xctest */,
			);
			name = Products;
			sourceTree = "<group>";
		};
		D70A2C3429B453930026317B /* Trial */ = {
			isa = PBXGroup;
			children = (
				D70A2C3529B453930026317B /* TrialApp.swift */,
				D70A2C3729B453930026317B /* Persistence.swift */,
				D70A2C3C29B453930026317B /* ContentView.swift */,
				D70A2C3E29B453940026317B /* Assets.xcassets */,
				D70A2C4029B453940026317B /* Trial.entitlements */,
				D70A2C3929B453930026317B /* Trial.xcdatamodeld */,
				D70A2C4129B453940026317B /* Preview Content */,
			);
			path = Trial;
			sourceTree = "<group>";
		};
		D70A2C4129B453940026317B /* Preview Content */ = {
			isa = PBXGroup;
			children = (
				D70A2C4229B453940026317B /* Preview Assets.xcassets */,
			);
			path = "Preview Content";
			sourceTree = "<group>";
		};
		D70A2C4B29B453940026317B /* TrialTests */ = {
			isa = PBXGroup;
			children = (
				D70A2C4C29B453940026317B /* TrialTests.swift */,
			);
			path = TrialTests;
			sourceTree = "<group>";
		};
		D70A2C5529B453940026317B /* TrialUITests */ = {
			isa = PBXGroup;
			children = (
				D70A2C5629B453940026317B /* TrialUITests.swift */,
				D70A2C5829B453940026317B /* TrialUITestsLaunchTests.swift */,
			);
			path = TrialUITests;
			sourceTree = "<group>";
		};
/* End PBXGroup section */

/* Begin PBXNativeTarget section */
		D70A2C3129B453930026317B /* Trial */ = {
			isa = PBXNativeTarget;
			buildConfigurationList = D70A2C5C29B453940026317B /* Build configuration list for PBXNativeTarget "Trial" */;
			buildPhases = (
				D70A2C2E29B453930026317B /* Sources */,
				D70A2C2F29B453930026317B /* Frameworks */,
				D70A2C3029B453930026317B /* Resources */,
			);
			buildRules = (
			);
			dependencies = (
			);
			name = Trial;
			productName = Trial;
			productReference = D70A2C3229B453930026317B /* Trial.app */;
			productType = "com.apple.product-type.application";
		};
		D70A2C4729B453940026317B /* TrialTests */ = {
			isa = PBXNativeTarget;
			buildConfigurationList = D70A2C5F29B453940026317B /* Build configuration list for PBXNativeTarget "TrialTests" */;
			buildPhases = (
				D70A2C4429B453940026317B /* Sources */,
				D70A2C4529B453940026317B /* Frameworks */,
				D70A2C4629B453940026317B /* Resources */,
			);
			buildRules = (
			);
			dependencies = (
				D70A2C4A29B453940026317B /* PBXTargetDependency */,
			);
			name = TrialTests;
			productName = TrialTests;
			productReference = D70A2C4829B453940026317B /* TrialTests.xctest */;
			productType = "com.apple.product-type.bundle.unit-test";
		};
		D70A2C5129B453940026317B /* TrialUITests */ = {
			isa = PBXNativeTarget;
			buildConfigurationList = D70A2C6229B453940026317B /* Build configuration list for PBXNativeTarget "TrialUITests" */;
			buildPhases = (
				D70A2C4E29B453940026317B /* Sources */,
				D70A2C4F29B453940026317B /* Frameworks */,
				D70A2C5029B453940026317B /* Resources */,
			);
			buildRules = (
			);
			dependencies = (
				D70A2C5429B453940026317B /* PBXTargetDependency */,
			);
			name = TrialUITests;
			productName = TrialUITests;
			productReference = D70A2C5229B453940026317B /* TrialUITests.xctest */;
			productType = "com.apple.product-type.bundle.ui-testing";
		};
/* End PBXNativeTarget section */

/* Begin PBXProject section */
		D70A2C2A29B453930026317B /* Project object */ = {
			isa = PBXProject;
			attributes = {
				BuildIndependentTargetsInParallel = 1;
				LastSwiftUpdateCheck = 1420;
				LastUpgradeCheck = 1420;
				TargetAttributes = {
					D70A2C3129B453930026317B = {
						CreatedOnToolsVersion = 14.2;
					};
					D70A2C4729B453940026317B = {
						CreatedOnToolsVersion = 14.2;
						TestTargetID = D70A2C3129B453930026317B;
					};
					D70A2C5129B453940026317B = {
						CreatedOnToolsVersion = 14.2;
						TestTargetID = D70A2C3129B453930026317B;
					};
				};
			};
			buildConfigurationList = D70A2C2D29B453930026317B /* Build configuration list for PBXProject "Trial" */;
			compatibilityVersion = "Xcode 14.0";
			developmentRegion = en;
			hasScannedForEncodings = 0;
			knownRegions = (
				en,
				Base,
			);
			mainGroup = D70A2C2929B453930026317B;
			productRefGroup = D70A2C3329B453930026317B /* Products */;
			projectDirPath = "";
			projectRoot = "";
			targets = (
				D70A2C3129B453930026317B /* Trial */,
				D70A2C4729B453940026317B /* TrialTests */,
				D70A2C5129B453940026317B /* TrialUITests */,
			);
		};
/* End PBXProject section */

/* Begin PBXResourcesBuildPhase section */
		D70A2C3029B453930026317B /* Resources */ = {
			isa = PBXResourcesBuildPhase;
			buildActionMask = 2147483647;
			files = (
				D70A2C4329B453940026317B /* Preview Assets.xcassets in Resources */,
				D70A2C3F29B453940026317B /* Assets.xcassets in Resources */,
			);
			runOnlyForDeploymentPostprocessing = 0;
		};
		D70A2C4629B453940026317B /* Resources */ = {
			isa = PBXResourcesBuildPhase;
			buildActionMask = 2147483647;
			files = (
			);
			runOnlyForDeploymentPostprocessing = 0;
		};
		D70A2C5029B453940026317B /* Resources */ = {
			isa = PBXResourcesBuildPhase;
			buildActionMask = 2147483647;
			files = (
			);
			runOnlyForDeploymentPostprocessing = 0;
		};
/* End PBXResourcesBuildPhase section */

/* Begin PBXSourcesBuildPhase section */
		D70A2C2E29B453930026317B /* Sources */ = {
			isa = PBXSourcesBuildPhase;
			buildActionMask = 2147483647;
			files = (
				D70A2C3629B453930026317B /* TrialApp.swift in Sources */,
				D70A2C3829B453930026317B /* Persistence.swift in Sources */,
				D70A2C3D29B453930026317B /* ContentView.swift in Sources */,
				D70A2C3B29B453930026317B /* Trial.xcdatamodeld in Sources */,
			);
			runOnlyForDeploymentPostprocessing = 0;
		};
		D70A2C4429B453940026317B /* Sources */ = {
			isa = PBXSourcesBuildPhase;
			buildActionMask = 2147483647;
			files = (
				D70A2C4D29B453940026317B /* TrialTests.swift in Sources */,
			);
			runOnlyForDeploymentPostprocessing = 0;
		};
		D70A2C4E29B453940026317B /* Sources */ = {
			isa = PBXSourcesBuildPhase;
			buildActionMask = 2147483647;
			files = (
				D70A2C5729B453940026317B /* TrialUITests.swift in Sources */,
				D70A2C5929B453940026317B /* TrialUITestsLaunchTests.swift in Sources */,
			);
			runOnlyForDeploymentPostprocessing = 0;
		};
/* End PBXSourcesBuildPhase section */

/* Begin PBXTargetDependency section */
		D70A2C4A29B453940026317B /* PBXTargetDependency */ = {
			isa = PBXTargetDependency;
			target = D70A2C3129B453930026317B /* Trial */;
			targetProxy = D70A2C4929B453940026317B /* PBXContainerItemProxy */;
		};
		D70A2C5429B453940026317B /* PBXTargetDependency */ = {
			isa = PBXTargetDependency;
			target = D70A2C3129B453930026317B /* Trial */;
			targetProxy = D70A2C5329B453940026317B /* PBXContainerItemProxy */;
		};
/* End PBXTargetDependency section */

/* Begin XCBuildConfiguration section */
		D70A2C5A29B453940026317B /* Debug */ = {
			isa = XCBuildConfiguration;
			buildSettings = {
				ALWAYS_SEARCH_USER_PATHS = NO;
				CLANG_ANALYZER_NONNULL = YES;
				CLANG_ANALYZER_NUMBER_OBJECT_CONVERSION = YES_AGGRESSIVE;
				CLANG_CXX_LANGUAGE_STANDARD = "gnu++20";
				CLANG_ENABLE_MODULES = YES;
				CLANG_ENABLE_OBJC_ARC = YES;
				CLANG_ENABLE_OBJC_WEAK = YES;
				CLANG_WARN_BLOCK_CAPTURE_AUTORELEASING = YES;
				CLANG_WARN_BOOL_CONVERSION = YES;
				CLANG_WARN_COMMA = YES;
				CLANG_WARN_CONSTANT_CONVERSION = YES;
				CLANG_WARN_DEPRECATED_OBJC_IMPLEMENTATIONS = YES;
				CLANG_WARN_DIRECT_OBJC_ISA_USAGE = YES_ERROR;
				CLANG_WARN_DOCUMENTATION_COMMENTS = YES;
				CLANG_WARN_EMPTY_BODY = YES;
				CLANG_WARN_ENUM_CONVERSION = YES;
				CLANG_WARN_INFINITE_RECURSION = YES;
				CLANG_WARN_INT_CONVERSION = YES;
				CLANG_WARN_NON_LITERAL_NULL_CONVERSION = YES;
				CLANG_WARN_OBJC_IMPLICIT_RETAIN_SELF = YES;
				CLANG_WARN_OBJC_LITERAL_CONVERSION = YES;
				CLANG_WARN_OBJC_ROOT_CLASS = YES_ERROR;
				CLANG_WARN_QUOTED_INCLUDE_IN_FRAMEWORK_HEADER = YES;
				CLANG_WARN_RANGE_LOOP_ANALYSIS = YES;
				CLANG_WARN_STRICT_PROTOTYPES = YES;
				CLANG_WARN_SUSPICIOUS_MOVE = YES;
				CLANG_WARN_UNGUARDED_AVAILABILITY = YES_AGGRESSIVE;
				CLANG_WARN_UNREACHABLE_CODE = YES;
				CLANG_WARN__DUPLICATE_METHOD_MATCH = YES;
				COPY_PHASE_STRIP = NO;
				DEBUG_INFORMATION_FORMAT = dwarf;
				ENABLE_STRICT_OBJC_MSGSEND = YES;
				ENABLE_TESTABILITY = YES;
				GCC_C_LANGUAGE_STANDARD = gnu11;
				GCC_DYNAMIC_NO_PIC = NO;
				GCC_NO_COMMON_BLOCKS = YES;
				GCC_OPTIMIZATION_LEVEL = 0;
				GCC_PREPROCESSOR_DEFINITIONS = (
					"DEBUG=1",
					"$(inherited)",
				);
				GCC_WARN_64_TO_32_BIT_CONVERSION = YES;
				GCC_WARN_ABOUT_RETURN_TYPE = YES_ERROR;
				GCC_WARN_UNDECLARED_SELECTOR = YES;
				GCC_WARN_UNINITIALIZED_AUTOS = YES_AGGRESSIVE;
				GCC_WARN_UNUSED_FUNCTION = YES;
				GCC_WARN_UNUSED_VARIABLE = YES;
				MTL_ENABLE_DEBUG_INFO = INCLUDE_SOURCE;
				MTL_FAST_MATH = YES;
				ONLY_ACTIVE_ARCH = YES;
				SWIFT_ACTIVE_COMPILATION_CONDITIONS = DEBUG;
				SWIFT_OPTIMIZATION_LEVEL = "-Onone";
			};
			name = Debug;
		};
		D70A2C5B29B453940026317B /* Release */ = {
			isa = XCBuildConfiguration;
			buildSettings = {
				ALWAYS_SEARCH_USER_PATHS = NO;
				CLANG_ANALYZER_NONNULL = YES;
				CLANG_ANALYZER_NUMBER_OBJECT_CONVERSION = YES_AGGRESSIVE;
				CLANG_CXX_LANGUAGE_STANDARD = "gnu++20";
				CLANG_ENABLE_MODULES = YES;
				CLANG_ENABLE_OBJC_ARC = YES;
				CLANG_ENABLE_OBJC_WEAK = YES;
				CLANG_WARN_BLOCK_CAPTURE_AUTORELEASING = YES;
				CLANG_WARN_BOOL_CONVERSION = YES;
				CLANG_WARN_COMMA = YES;
				CLANG_WARN_CONSTANT_CONVERSION = YES;
				CLANG_WARN_DEPRECATED_OBJC_IMPLEMENTATIONS = YES;
				CLANG_WARN_DIRECT_OBJC_ISA_USAGE = YES_ERROR;
				CLANG_WARN_DOCUMENTATION_COMMENTS = YES;
				CLANG_WARN_EMPTY_BODY = YES;
				CLANG_WARN_ENUM_CONVERSION = YES;
				CLANG_WARN_INFINITE_RECURSION = YES;
				CLANG_WARN_INT_CONVERSION = YES;
				CLANG_WARN_NON_LITERAL_NULL_CONVERSION = YES;
				CLANG_WARN_OBJC_IMPLICIT_RETAIN_SELF = YES;
				CLANG_WARN_OBJC_LITERAL_CONVERSION = YES;
				CLANG_WARN_OBJC_ROOT_CLASS = YES_ERROR;
				CLANG_WARN_QUOTED_INCLUDE_IN_FRAMEWORK_HEADER = YES;
				CLANG_WARN_RANGE_LOOP_ANALYSIS = YES;
				CLANG_WARN_STRICT_PROTOTYPES = YES;
				CLANG_WARN_SUSPICIOUS_MOVE = YES;
				CLANG_WARN_UNGUARDED_AVAILABILITY = YES_AGGRESSIVE;
				CLANG_WARN_UNREACHABLE_CODE = YES;
				CLANG_WARN__DUPLICATE_METHOD_MATCH = YES;
				COPY_PHASE_STRIP = NO;
				DEBUG_INFORMATION_FORMAT = "dwarf-with-dsym";
				ENABLE_NS_ASSERTIONS = NO;
				ENABLE_STRICT_OBJC_MSGSEND = YES;
				GCC_C_LANGUAGE_STANDARD = gnu11;
				GCC_NO_COMMON_BLOCKS = YES;
				GCC_WARN_64_TO_32_BIT_CONVERSION = YES;
				GCC_WARN_ABOUT_RETURN_TYPE = YES_ERROR;
				GCC_WARN_UNDECLARED_SELECTOR = YES;
				GCC_WARN_UNINITIALIZED_AUTOS = YES_AGGRESSIVE;
				GCC_WARN_UNUSED_FUNCTION = YES;
				GCC_WARN_UNUSED_VARIABLE = YES;
				MTL_ENABLE_DEBUG_INFO = NO;
				MTL_FAST_MATH = YES;
				SWIFT_COMPILATION_MODE = wholemodule;
				SWIFT_OPTIMIZATION_LEVEL = "-O";
			};
			name = Release;
		};
		D70A2C5D29B453940026317B /* Debug */ = {
			isa = XCBuildConfiguration;
			buildSettings = {
				ASSETCATALOG_COMPILER_APPICON_NAME = AppIcon;
				ASSETCATALOG_COMPILER_GLOBAL_ACCENT_COLOR_NAME = AccentColor;
				CODE_SIGN_ENTITLEMENTS = Trial/Trial.entitlements;
				CODE_SIGN_STYLE = Automatic;
				CURRENT_PROJECT_VERSION = 1;
				DEVELOPMENT_ASSET_PATHS = "\"Trial/Preview Content\"";
				DEVELOPMENT_TEAM = 9D6252P8CD;
				ENABLE_HARDENED_RUNTIME = YES;
				ENABLE_PREVIEWS = YES;
				GENERATE_INFOPLIST_FILE = YES;
				"INFOPLIST_KEY_UIApplicationSceneManifest_Generation[sdk=iphoneos*]" = YES;
				"INFOPLIST_KEY_UIApplicationSceneManifest_Generation[sdk=iphonesimulator*]" = YES;
				"INFOPLIST_KEY_UIApplicationSupportsIndirectInputEvents[sdk=iphoneos*]" = YES;
				"INFOPLIST_KEY_UIApplicationSupportsIndirectInputEvents[sdk=iphonesimulator*]" = YES;
				"INFOPLIST_KEY_UILaunchScreen_Generation[sdk=iphoneos*]" = YES;
				"INFOPLIST_KEY_UILaunchScreen_Generation[sdk=iphonesimulator*]" = YES;
				"INFOPLIST_KEY_UIStatusBarStyle[sdk=iphoneos*]" = UIStatusBarStyleDefault;
				"INFOPLIST_KEY_UIStatusBarStyle[sdk=iphonesimulator*]" = UIStatusBarStyleDefault;
				INFOPLIST_KEY_UISupportedInterfaceOrientations_iPad = "UIInterfaceOrientationPortrait UIInterfaceOrientationPortraitUpsideDown UIInterfaceOrientationLandscapeLeft UIInterfaceOrientationLandscapeRight";
				INFOPLIST_KEY_UISupportedInterfaceOrientations_iPhone = "UIInterfaceOrientationPortrait UIInterfaceOrientationLandscapeLeft UIInterfaceOrientationLandscapeRight";
				IPHONEOS_DEPLOYMENT_TARGET = 16.2;
				LD_RUNPATH_SEARCH_PATHS = "@executable_path/Frameworks";
				"LD_RUNPATH_SEARCH_PATHS[sdk=macosx*]" = "@executable_path/../Frameworks";
				MACOSX_DEPLOYMENT_TARGET = 13.1;
				MARKETING_VERSION = 1.0;
				PRODUCT_BUNDLE_IDENTIFIER = dev.therebedragons.Trial;
				PRODUCT_NAME = "$(TARGET_NAME)";
				SDKROOT = auto;
				SUPPORTED_PLATFORMS = "iphoneos iphonesimulator macosx";
				SWIFT_EMIT_LOC_STRINGS = YES;
				SWIFT_VERSION = 5.0;
				TARGETED_DEVICE_FAMILY = "1,2";
			};
			name = Debug;
		};
		D70A2C5E29B453940026317B /* Release */ = {
			isa = XCBuildConfiguration;
			buildSettings = {
				ASSETCATALOG_COMPILER_APPICON_NAME = AppIcon;
				ASSETCATALOG_COMPILER_GLOBAL_ACCENT_COLOR_NAME = AccentColor;
				CODE_SIGN_ENTITLEMENTS = Trial/Trial.entitlements;
				CODE_SIGN_STYLE = Automatic;
				CURRENT_PROJECT_VERSION = 1;
				DEVELOPMENT_ASSET_PATHS = "\"Trial/Preview Content\"";
				DEVELOPMENT_TEAM = 9D6252P8CD;
				ENABLE_HARDENED_RUNTIME = YES;
				ENABLE_PREVIEWS = YES;
				GENERATE_INFOPLIST_FILE = YES;
				"INFOPLIST_KEY_UIApplicationSceneManifest_Generation[sdk=iphoneos*]" = YES;
				"INFOPLIST_KEY_UIApplicationSceneManifest_Generation[sdk=iphonesimulator*]" = YES;
				"INFOPLIST_KEY_UIApplicationSupportsIndirectInputEvents[sdk=iphoneos*]" = YES;
				"INFOPLIST_KEY_UIApplicationSupportsIndirectInputEvents[sdk=iphonesimulator*]" = YES;
				"INFOPLIST_KEY_UILaunchScreen_Generation[sdk=iphoneos*]" = YES;
				"INFOPLIST_KEY_UILaunchScreen_Generation[sdk=iphonesimulator*]" = YES;
				"INFOPLIST_KEY_UIStatusBarStyle[sdk=iphoneos*]" = UIStatusBarStyleDefault;
				"INFOPLIST_KEY_UIStatusBarStyle[sdk=iphonesimulator*]" = UIStatusBarStyleDefault;
				INFOPLIST_KEY_UISupportedInterfaceOrientations_iPad = "UIInterfaceOrientationPortrait UIInterfaceOrientationPortraitUpsideDown UIInterfaceOrientationLandscapeLeft UIInterfaceOrientationLandscapeRight";
				INFOPLIST_KEY_UISupportedInterfaceOrientations_iPhone = "UIInterfaceOrientationPortrait UIInterfaceOrientationLandscapeLeft UIInterfaceOrientationLandscapeRight";
				IPHONEOS_DEPLOYMENT_TARGET = 16.2;
				LD_RUNPATH_SEARCH_PATHS = "@executable_path/Frameworks";
				"LD_RUNPATH_SEARCH_PATHS[sdk=macosx*]" = "@executable_path/../Frameworks";
				MACOSX_DEPLOYMENT_TARGET = 13.1;
				MARKETING_VERSION = 1.0;
				PRODUCT_BUNDLE_IDENTIFIER = dev.therebedragons.Trial;
				PRODUCT_NAME = "$(TARGET_NAME)";
				SDKROOT = auto;
				SUPPORTED_PLATFORMS = "iphoneos iphonesimulator macosx";
				SWIFT_EMIT_LOC_STRINGS = YES;
				SWIFT_VERSION = 5.0;
				TARGETED_DEVICE_FAMILY = "1,2";
			};
			name = Release;
		};
		D70A2C6029B453940026317B /* Debug */ = {
			isa = XCBuildConfiguration;
			buildSettings = {
				ALWAYS_EMBED_SWIFT_STANDARD_LIBRARIES = YES;
				BUNDLE_LOADER = "$(TEST_HOST)";
				CODE_SIGN_STYLE = Automatic;
				CURRENT_PROJECT_VERSION = 1;
				DEVELOPMENT_TEAM = 9D6252P8CD;
				GENERATE_INFOPLIST_FILE = YES;
				IPHONEOS_DEPLOYMENT_TARGET = 16.2;
				MACOSX_DEPLOYMENT_TARGET = 13.1;
				MARKETING_VERSION = 1.0;
				PRODUCT_BUNDLE_IDENTIFIER = dev.therebedragons.TrialTests;
				PRODUCT_NAME = "$(TARGET_NAME)";
				SDKROOT = auto;
				SUPPORTED_PLATFORMS = "iphoneos iphonesimulator macosx";
				SWIFT_EMIT_LOC_STRINGS = NO;
				SWIFT_VERSION = 5.0;
				TARGETED_DEVICE_FAMILY = "1,2";
				TEST_HOST = "$(BUILT_PRODUCTS_DIR)/Trial.app/$(BUNDLE_EXECUTABLE_FOLDER_PATH)/Trial";
			};
			name = Debug;
		};
		D70A2C6129B453940026317B /* Release */ = {
			isa = XCBuildConfiguration;
			buildSettings = {
				ALWAYS_EMBED_SWIFT_STANDARD_LIBRARIES = YES;
				BUNDLE_LOADER = "$(TEST_HOST)";
				CODE_SIGN_STYLE = Automatic;
				CURRENT_PROJECT_VERSION = 1;
				DEVELOPMENT_TEAM = 9D6252P8CD;
				GENERATE_INFOPLIST_FILE = YES;
				IPHONEOS_DEPLOYMENT_TARGET = 16.2;
				MACOSX_DEPLOYMENT_TARGET = 13.1;
				MARKETING_VERSION = 1.0;
				PRODUCT_BUNDLE_IDENTIFIER = dev.therebedragons.TrialTests;
				PRODUCT_NAME = "$(TARGET_NAME)";
				SDKROOT = auto;
				SUPPORTED_PLATFORMS = "iphoneos iphonesimulator macosx";
				SWIFT_EMIT_LOC_STRINGS = NO;
				SWIFT_VERSION = 5.0;
				TARGETED_DEVICE_FAMILY = "1,2";
				TEST_HOST = "$(BUILT_PRODUCTS_DIR)/Trial.app/$(BUNDLE_EXECUTABLE_FOLDER_PATH)/Trial";
			};
			name = Release;
		};
		D70A2C6329B453940026317B /* Debug */ = {
			isa = XCBuildConfiguration;
			buildSettings = {
				ALWAYS_EMBED_SWIFT_STANDARD_LIBRARIES = YES;
				CODE_SIGN_STYLE = Automatic;
				CURRENT_PROJECT_VERSION = 1;
				DEVELOPMENT_TEAM = 9D6252P8CD;
				GENERATE_INFOPLIST_FILE = YES;
				IPHONEOS_DEPLOYMENT_TARGET = 16.2;
				MACOSX_DEPLOYMENT_TARGET = 13.1;
				MARKETING_VERSION = 1.0;
				PRODUCT_BUNDLE_IDENTIFIER = dev.therebedragons.TrialUITests;
				PRODUCT_NAME = "$(TARGET_NAME)";
				SDKROOT = auto;
				SUPPORTED_PLATFORMS = "iphoneos iphonesimulator macosx";
				SWIFT_EMIT_LOC_STRINGS = NO;
				SWIFT_VERSION = 5.0;
				TARGETED_DEVICE_FAMILY = "1,2";
				TEST_TARGET_NAME = Trial;
			};
			name = Debug;
		};
		D70A2C6429B453940026317B /* Release */ = {
			isa = XCBuildConfiguration;
			buildSettings = {
				ALWAYS_EMBED_SWIFT_STANDARD_LIBRARIES = YES;
				CODE_SIGN_STYLE = Automatic;
				CURRENT_PROJECT_VERSION = 1;
				DEVELOPMENT_TEAM = 9D6252P8CD;
				GENERATE_INFOPLIST_FILE = YES;
				IPHONEOS_DEPLOYMENT_TARGET = 16.2;
				MACOSX_DEPLOYMENT_TARGET = 13.1;
				MARKETING_VERSION = 1.0;
				PRODUCT_BUNDLE_IDENTIFIER = dev.therebedragons.TrialUITests;
				PRODUCT_NAME = "$(TARGET_NAME)";
				SDKROOT = auto;
				SUPPORTED_PLATFORMS = "iphoneos iphonesimulator macosx";
				SWIFT_EMIT_LOC_STRINGS = NO;
				SWIFT_VERSION = 5.0;
				TARGETED_DEVICE_FAMILY = "1,2";
				TEST_TARGET_NAME = Trial;
			};
			name = Release;
		};
/* End XCBuildConfiguration section */

/* Begin XCConfigurationList section */
		D70A2C2D29B453930026317B /* Build configuration list for PBXProject "Trial" */ = {
			isa = XCConfigurationList;
			buildConfigurations = (
				D70A2C5A29B453940026317B /* Debug */,
				D70A2C5B29B453940026317B /* Release */,
			);
			defaultConfigurationIsVisible = 0;
			defaultConfigurationName = Release;
		};
		D70A2C5C29B453940026317B /* Build configuration list for PBXNativeTarget "Trial" */ = {
			isa = XCConfigurationList;
			buildConfigurations = (
				D70A2C5D29B453940026317B /* Debug */,
				D70A2C5E29B453940026317B /* Release */,
			);
			defaultConfigurationIsVisible = 0;
			defaultConfigurationName = Release;
		};
		D70A2C5F29B453940026317B /* Build configuration list for PBXNativeTarget "TrialTests" */ = {
			isa = XCConfigurationList;
			buildConfigurations = (
				D70A2C6029B453940026317B /* Debug */,
				D70A2C6129B453940026317B /* Release */,
			);
			defaultConfigurationIsVisible = 0;
			defaultConfigurationName = Release;
		};
		D70A2C6229B453940026317B /* Build configuration list for PBXNativeTarget "TrialUITests" */ = {
			isa = XCConfigurationList;
			buildConfigurations = (
				D70A2C6329B453940026317B /* Debug */,
				D70A2C6429B453940026317B /* Release */,
			);
			defaultConfigurationIsVisible = 0;
			defaultConfigurationName = Release;
		};
/* End XCConfigurationList section */

/* Begin XCVersionGroup section */
		D70A2C3929B453930026317B /* Trial.xcdatamodeld */ = {
			isa = XCVersionGroup;
			children = (
				D70A2C3A29B453930026317B /* Trial.xcdatamodel */,
			);
			currentVersion = D70A2C3A29B453930026317B /* Trial.xcdatamodel */;
			path = Trial.xcdatamodeld;
			sourceTree = "<group>";
			versionGroupType = wrapper.xcdatamodel;
		};
/* End XCVersionGroup section */
	};
	rootObject = D70A2C2A29B453930026317B /* Project object */;
}
