// !$*UTF8*$!
{
	archiveVersion = 1;
	classes = {
	};
	objectVersion = 56;
	objects = {

/* Begin PBXBuildFile section */
		6AD5301C29B5A75D005CBF33 /* Show.swift in Sources */ = {isa = PBXBuildFile; fileRef = 6AD5301B29B5A75D005CBF33 /* Show.swift */; };
		6AD5301E29B5A792005CBF33 /* Owner.swift in Sources */ = {isa = PBXBuildFile; fileRef = 6AD5301D29B5A792005CBF33 /* Owner.swift */; };
		6AD5302129B5A7C4005CBF33 /* JSONSchemaSupport.swift in Sources */ = {isa = PBXBuildFile; fileRef = 6AD5302029B5A7C4005CBF33 /* JSONSchemaSupport.swift */; };
		6AD5302329B5A80E005CBF33 /* Enclosure.swift in Sources */ = {isa = PBXBuildFile; fileRef = 6AD5302229B5A80E005CBF33 /* Enclosure.swift */; };
		6AD5302629B5AE66005CBF33 /* Model.swift in Sources */ = {isa = PBXBuildFile; fileRef = 6AD5302529B5AE66005CBF33 /* Model.swift */; };
		6AD5302929B5B052005CBF33 /* PlayerControlBar.swift in Sources */ = {isa = PBXBuildFile; fileRef = 6AD5302829B5B052005CBF33 /* PlayerControlBar.swift */; };
		6ADF92F229B5C09C00FAB752 /* DetailView.swift in Sources */ = {isa = PBXBuildFile; fileRef = 6ADF92F129B5C09C00FAB752 /* DetailView.swift */; };
		6ADF92F429B5D5A500FAB752 /* output4.caf in Resources */ = {isa = PBXBuildFile; fileRef = 6ADF92F329B5D5A500FAB752 /* output4.caf */; };
		D70A2C3629B453930026317B /* TrialApp.swift in Sources */ = {isa = PBXBuildFile; fileRef = D70A2C3529B453930026317B /* TrialApp.swift */; };
		D70A2C3829B453930026317B /* Persistence.swift in Sources */ = {isa = PBXBuildFile; fileRef = D70A2C3729B453930026317B /* Persistence.swift */; };
		D70A2C3B29B453930026317B /* Trial.xcdatamodeld in Sources */ = {isa = PBXBuildFile; fileRef = D70A2C3929B453930026317B /* Trial.xcdatamodeld */; };
		D70A2C3D29B453930026317B /* ContentView.swift in Sources */ = {isa = PBXBuildFile; fileRef = D70A2C3C29B453930026317B /* ContentView.swift */; };
		D70A2C3F29B453940026317B /* Assets.xcassets in Resources */ = {isa = PBXBuildFile; fileRef = D70A2C3E29B453940026317B /* Assets.xcassets */; };
		D70A2C4329B453940026317B /* Preview Assets.xcassets in Resources */ = {isa = PBXBuildFile; fileRef = D70A2C4229B453940026317B /* Preview Assets.xcassets */; };
		D70A2C4D29B453940026317B /* TrialTests.swift in Sources */ = {isa = PBXBuildFile; fileRef = D70A2C4C29B453940026317B /* TrialTests.swift */; };
		D70A2C5729B453940026317B /* TrialUITests.swift in Sources */ = {isa = PBXBuildFile; fileRef = D70A2C5629B453940026317B /* TrialUITests.swift */; };
		D70A2C5929B453940026317B /* TrialUITestsLaunchTests.swift in Sources */ = {isa = PBXBuildFile; fileRef = D70A2C5829B453940026317B /* TrialUITestsLaunchTests.swift */; };
		D70A2C6729B455550026317B /* EpisodeProvider.swift in Sources */ = {isa = PBXBuildFile; fileRef = D70A2C6629B455550026317B /* EpisodeProvider.swift */; };
		D70A2C6929B455910026317B /* Episode.swift in Sources */ = {isa = PBXBuildFile; fileRef = D70A2C6829B455910026317B /* Episode.swift */; };
		D70A2C6B29B455CD0026317B /* EpisodeClient.swift in Sources */ = {isa = PBXBuildFile; fileRef = D70A2C6A29B455CD0026317B /* EpisodeClient.swift */; };
		D70A2C6D29B459180026317B /* HTTPDataDownloader.swift in Sources */ = {isa = PBXBuildFile; fileRef = D70A2C6C29B459180026317B /* HTTPDataDownloader.swift */; };
		D70A2C6F29B459410026317B /* EpisodeError.swift in Sources */ = {isa = PBXBuildFile; fileRef = D70A2C6E29B459410026317B /* EpisodeError.swift */; };
		D70A2C7229B45B7C0026317B /* Then in Frameworks */ = {isa = PBXBuildFile; productRef = D70A2C7129B45B7C0026317B /* Then */; };
		D70A2C7429B45CC40026317B /* CacheEntryObject.swift in Sources */ = {isa = PBXBuildFile; fileRef = D70A2C7329B45CC40026317B /* CacheEntryObject.swift */; };
		D70A2C7629B45CF50026317B /* EpisodeLocation.swift in Sources */ = {isa = PBXBuildFile; fileRef = D70A2C7529B45CF50026317B /* EpisodeLocation.swift */; };
		D70A2C7829B4616E0026317B /* Feed.swift in Sources */ = {isa = PBXBuildFile; fileRef = D70A2C7729B4616E0026317B /* Feed.swift */; };
		D70A2C7A29B4648E0026317B /* NSCache+Subscript.swift in Sources */ = {isa = PBXBuildFile; fileRef = D70A2C7929B4648E0026317B /* NSCache+Subscript.swift */; };
		D70A2C7C29B4675E0026317B /* TestData.swift in Sources */ = {isa = PBXBuildFile; fileRef = D70A2C7B29B4675E0026317B /* TestData.swift */; };
		D70A2C7E29B470BB0026317B /* Formatter+iso8601.swift in Sources */ = {isa = PBXBuildFile; fileRef = D70A2C7D29B470BB0026317B /* Formatter+iso8601.swift */; };
		D70A2C8129B477690026317B /* EpisodeRow.swift in Sources */ = {isa = PBXBuildFile; fileRef = D70A2C8029B477690026317B /* EpisodeRow.swift */; };
		D70A2C8429B486CE0026317B /* Alamofire in Frameworks */ = {isa = PBXBuildFile; productRef = D70A2C8329B486CE0026317B /* Alamofire */; };
/* End PBXBuildFile section */

/* Begin PBXContainerItemProxy section */
		D70A2C4929B453940026317B /* PBXContainerItemProxy */ = {
			isa = PBXContainerItemProxy;
			containerPortal = D70A2C2A29B453930026317B /* Project object */;
			proxyType = 1;
			remoteGlobalIDString = D70A2C3129B453930026317B;
			remoteInfo = Trial;
		};
		D70A2C5329B453940026317B /* PBXContainerItemProxy */ = {
			isa = PBXContainerItemProxy;
			containerPortal = D70A2C2A29B453930026317B /* Project object */;
			proxyType = 1;
			remoteGlobalIDString = D70A2C3129B453930026317B;
			remoteInfo = Trial;
		};
/* End PBXContainerItemProxy section */

/* Begin PBXFileReference section */
		6AD5301B29B5A75D005CBF33 /* Show.swift */ = {isa = PBXFileReference; lastKnownFileType = sourcecode.swift; path = Show.swift; sourceTree = "<group>"; };
		6AD5301D29B5A792005CBF33 /* Owner.swift */ = {isa = PBXFileReference; lastKnownFileType = sourcecode.swift; path = Owner.swift; sourceTree = "<group>"; };
		6AD5302029B5A7C4005CBF33 /* JSONSchemaSupport.swift */ = {isa = PBXFileReference; lastKnownFileType = sourcecode.swift; path = JSONSchemaSupport.swift; sourceTree = "<group>"; };
		6AD5302229B5A80E005CBF33 /* Enclosure.swift */ = {isa = PBXFileReference; lastKnownFileType = sourcecode.swift; path = Enclosure.swift; sourceTree = "<group>"; };
		6AD5302529B5AE66005CBF33 /* Model.swift */ = {isa = PBXFileReference; lastKnownFileType = sourcecode.swift; path = Model.swift; sourceTree = "<group>"; };
		6AD5302829B5B052005CBF33 /* PlayerControlBar.swift */ = {isa = PBXFileReference; lastKnownFileType = sourcecode.swift; path = PlayerControlBar.swift; sourceTree = "<group>"; };
		6ADF92F129B5C09C00FAB752 /* DetailView.swift */ = {isa = PBXFileReference; lastKnownFileType = sourcecode.swift; path = DetailView.swift; sourceTree = "<group>"; };
		6ADF92F329B5D5A500FAB752 /* output4.caf */ = {isa = PBXFileReference; lastKnownFileType = file; name = output4.caf; path = ../../Downloads/output4.caf; sourceTree = "<group>"; };
		6ADF92F629B5D81700FAB752 /* output4.caf */ = {isa = PBXFileReference; lastKnownFileType = file; path = output4.caf; sourceTree = "<group>"; };
		D70A2C3229B453930026317B /* Trial.app */ = {isa = PBXFileReference; explicitFileType = wrapper.application; includeInIndex = 0; path = Trial.app; sourceTree = BUILT_PRODUCTS_DIR; };
		D70A2C3529B453930026317B /* TrialApp.swift */ = {isa = PBXFileReference; lastKnownFileType = sourcecode.swift; path = TrialApp.swift; sourceTree = "<group>"; };
		D70A2C3729B453930026317B /* Persistence.swift */ = {isa = PBXFileReference; lastKnownFileType = sourcecode.swift; path = Persistence.swift; sourceTree = "<group>"; };
		D70A2C3A29B453930026317B /* Trial.xcdatamodel */ = {isa = PBXFileReference; lastKnownFileType = wrapper.xcdatamodel; path = Trial.xcdatamodel; sourceTree = "<group>"; };
		D70A2C3C29B453930026317B /* ContentView.swift */ = {isa = PBXFileReference; lastKnownFileType = sourcecode.swift; path = ContentView.swift; sourceTree = "<group>"; };
		D70A2C3E29B453940026317B /* Assets.xcassets */ = {isa = PBXFileReference; lastKnownFileType = folder.assetcatalog; path = Assets.xcassets; sourceTree = "<group>"; };
		D70A2C4029B453940026317B /* Trial.entitlements */ = {isa = PBXFileReference; lastKnownFileType = text.plist.entitlements; path = Trial.entitlements; sourceTree = "<group>"; };
		D70A2C4229B453940026317B /* Preview Assets.xcassets */ = {isa = PBXFileReference; lastKnownFileType = folder.assetcatalog; path = "Preview Assets.xcassets"; sourceTree = "<group>"; };
		D70A2C4829B453940026317B /* TrialTests.xctest */ = {isa = PBXFileReference; explicitFileType = wrapper.cfbundle; includeInIndex = 0; path = TrialTests.xctest; sourceTree = BUILT_PRODUCTS_DIR; };
		D70A2C4C29B453940026317B /* TrialTests.swift */ = {isa = PBXFileReference; lastKnownFileType = sourcecode.swift; path = TrialTests.swift; sourceTree = "<group>"; };
		D70A2C5229B453940026317B /* TrialUITests.xctest */ = {isa = PBXFileReference; explicitFileType = wrapper.cfbundle; includeInIndex = 0; path = TrialUITests.xctest; sourceTree = BUILT_PRODUCTS_DIR; };
		D70A2C5629B453940026317B /* TrialUITests.swift */ = {isa = PBXFileReference; lastKnownFileType = sourcecode.swift; path = TrialUITests.swift; sourceTree = "<group>"; };
		D70A2C5829B453940026317B /* TrialUITestsLaunchTests.swift */ = {isa = PBXFileReference; lastKnownFileType = sourcecode.swift; path = TrialUITestsLaunchTests.swift; sourceTree = "<group>"; };
		D70A2C6629B455550026317B /* EpisodeProvider.swift */ = {isa = PBXFileReference; lastKnownFileType = sourcecode.swift; path = EpisodeProvider.swift; sourceTree = "<group>"; };
		D70A2C6829B455910026317B /* Episode.swift */ = {isa = PBXFileReference; lastKnownFileType = sourcecode.swift; path = Episode.swift; sourceTree = "<group>"; };
		D70A2C6A29B455CD0026317B /* EpisodeClient.swift */ = {isa = PBXFileReference; lastKnownFileType = sourcecode.swift; path = EpisodeClient.swift; sourceTree = "<group>"; };
		D70A2C6C29B459180026317B /* HTTPDataDownloader.swift */ = {isa = PBXFileReference; lastKnownFileType = sourcecode.swift; path = HTTPDataDownloader.swift; sourceTree = "<group>"; };
		D70A2C6E29B459410026317B /* EpisodeError.swift */ = {isa = PBXFileReference; lastKnownFileType = sourcecode.swift; path = EpisodeError.swift; sourceTree = "<group>"; };
		D70A2C7329B45CC40026317B /* CacheEntryObject.swift */ = {isa = PBXFileReference; lastKnownFileType = sourcecode.swift; path = CacheEntryObject.swift; sourceTree = "<group>"; };
		D70A2C7529B45CF50026317B /* EpisodeLocation.swift */ = {isa = PBXFileReference; lastKnownFileType = sourcecode.swift; path = EpisodeLocation.swift; sourceTree = "<group>"; };
		D70A2C7729B4616E0026317B /* Feed.swift */ = {isa = PBXFileReference; lastKnownFileType = sourcecode.swift; path = Feed.swift; sourceTree = "<group>"; };
		D70A2C7929B4648E0026317B /* NSCache+Subscript.swift */ = {isa = PBXFileReference; lastKnownFileType = sourcecode.swift; path = "NSCache+Subscript.swift"; sourceTree = "<group>"; };
		D70A2C7B29B4675E0026317B /* TestData.swift */ = {isa = PBXFileReference; lastKnownFileType = sourcecode.swift; path = TestData.swift; sourceTree = "<group>"; };
		D70A2C7D29B470BB0026317B /* Formatter+iso8601.swift */ = {isa = PBXFileReference; lastKnownFileType = sourcecode.swift; path = "Formatter+iso8601.swift"; sourceTree = "<group>"; };
		D70A2C8029B477690026317B /* EpisodeRow.swift */ = {isa = PBXFileReference; lastKnownFileType = sourcecode.swift; path = EpisodeRow.swift; sourceTree = "<group>"; };
/* End PBXFileReference section */

/* Begin PBXFrameworksBuildPhase section */
		D70A2C2F29B453930026317B /* Frameworks */ = {
			isa = PBXFrameworksBuildPhase;
			buildActionMask = 2147483647;
			files = (
				D70A2C7229B45B7C0026317B /* Then in Frameworks */,
				D70A2C8429B486CE0026317B /* Alamofire in Frameworks */,
			);
			runOnlyForDeploymentPostprocessing = 0;
		};
		D70A2C4529B453940026317B /* Frameworks */ = {
			isa = PBXFrameworksBuildPhase;
			buildActionMask = 2147483647;
			files = (
			);
			runOnlyForDeploymentPostprocessing = 0;
		};
		D70A2C4F29B453940026317B /* Frameworks */ = {
			isa = PBXFrameworksBuildPhase;
			buildActionMask = 2147483647;
			files = (
			);
			runOnlyForDeploymentPostprocessing = 0;
		};
/* End PBXFrameworksBuildPhase section */

/* Begin PBXGroup section */
		6AD5301A29B5A6B4005CBF33 /* API Response */ = {
			isa = PBXGroup;
			children = (
				D70A2C7729B4616E0026317B /* Feed.swift */,
				D70A2C6829B455910026317B /* Episode.swift */,
				6AD5301B29B5A75D005CBF33 /* Show.swift */,
				6AD5301D29B5A792005CBF33 /* Owner.swift */,
				6AD5302229B5A80E005CBF33 /* Enclosure.swift */,
			);
			path = "API Response";
			sourceTree = "<group>";
		};
		6AD5301F29B5A7B2005CBF33 /* Helper */ = {
			isa = PBXGroup;
			children = (
				6AD5302029B5A7C4005CBF33 /* JSONSchemaSupport.swift */,
			);
			path = Helper;
			sourceTree = "<group>";
		};
		6AD5302429B5AC05005CBF33 /* Extension */ = {
			isa = PBXGroup;
			children = (
				D70A2C7D29B470BB0026317B /* Formatter+iso8601.swift */,
				D70A2C7929B4648E0026317B /* NSCache+Subscript.swift */,
			);
			path = Extension;
			sourceTree = "<group>";
		};
		6AD5302729B5B037005CBF33 /* Controls */ = {
			isa = PBXGroup;
			children = (
				6AD5302829B5B052005CBF33 /* PlayerControlBar.swift */,
			);
			path = Controls;
			sourceTree = "<group>";
		};
		6ADF92F529B5D80F00FAB752 /* Resources */ = {
			isa = PBXGroup;
			children = (
				6ADF92F629B5D81700FAB752 /* output4.caf */,
			);
			path = Resources;
			sourceTree = "<group>";
		};
		D70A2C2929B453930026317B = {
			isa = PBXGroup;
			children = (
				6ADF92F329B5D5A500FAB752 /* output4.caf */,
				D70A2C3429B453930026317B /* Trial */,
				D70A2C4B29B453940026317B /* TrialTests */,
				D70A2C5529B453940026317B /* TrialUITests */,
				D70A2C3329B453930026317B /* Products */,
			);
			sourceTree = "<group>";
		};
		D70A2C3329B453930026317B /* Products */ = {
			isa = PBXGroup;
			children = (
				D70A2C3229B453930026317B /* Trial.app */,
				D70A2C4829B453940026317B /* TrialTests.xctest */,
				D70A2C5229B453940026317B /* TrialUITests.xctest */,
			);
			name = Products;
			sourceTree = "<group>";
		};
		D70A2C3429B453930026317B /* Trial */ = {
			isa = PBXGroup;
			children = (
				D70A2C3529B453930026317B /* TrialApp.swift */,
				6AD5302429B5AC05005CBF33 /* Extension */,
				6AD5301F29B5A7B2005CBF33 /* Helper */,
				D70A2C6529B455480026317B /* Models */,
				6ADF92F529B5D80F00FAB752 /* Resources */,
				D70A2C7F29B477550026317B /* Views */,
				D70A2C3729B453930026317B /* Persistence.swift */,
				D70A2C3E29B453940026317B /* Assets.xcassets */,
				D70A2C4029B453940026317B /* Trial.entitlements */,
				D70A2C3929B453930026317B /* Trial.xcdatamodeld */,
				D70A2C4129B453940026317B /* Preview Content */,
			);
			path = Trial;
			sourceTree = "<group>";
		};
		D70A2C4129B453940026317B /* Preview Content */ = {
			isa = PBXGroup;
			children = (
				D70A2C4229B453940026317B /* Preview Assets.xcassets */,
			);
			path = "Preview Content";
			sourceTree = "<group>";
		};
		D70A2C4B29B453940026317B /* TrialTests */ = {
			isa = PBXGroup;
			children = (
				D70A2C4C29B453940026317B /* TrialTests.swift */,
				D70A2C7B29B4675E0026317B /* TestData.swift */,
			);
			path = TrialTests;
			sourceTree = "<group>";
		};
		D70A2C5529B453940026317B /* TrialUITests */ = {
			isa = PBXGroup;
			children = (
				D70A2C5629B453940026317B /* TrialUITests.swift */,
				D70A2C5829B453940026317B /* TrialUITestsLaunchTests.swift */,
			);
			path = TrialUITests;
			sourceTree = "<group>";
		};
		D70A2C6529B455480026317B /* Models */ = {
			isa = PBXGroup;
			children = (
				6AD5301A29B5A6B4005CBF33 /* API Response */,
				D70A2C6629B455550026317B /* EpisodeProvider.swift */,
				D70A2C6A29B455CD0026317B /* EpisodeClient.swift */,
				D70A2C6C29B459180026317B /* HTTPDataDownloader.swift */,
				D70A2C6E29B459410026317B /* EpisodeError.swift */,
				D70A2C7329B45CC40026317B /* CacheEntryObject.swift */,
				D70A2C7529B45CF50026317B /* EpisodeLocation.swift */,
			);
			path = Models;
			sourceTree = "<group>";
		};
		D70A2C7F29B477550026317B /* Views */ = {
			isa = PBXGroup;
			children = (
				6AD5302729B5B037005CBF33 /* Controls */,
				D70A2C3C29B453930026317B /* ContentView.swift */,
				D70A2C8029B477690026317B /* EpisodeRow.swift */,
				6AD5302529B5AE66005CBF33 /* Model.swift */,
				6ADF92F129B5C09C00FAB752 /* DetailView.swift */,
			);
			path = Views;
			sourceTree = "<group>";
		};
/* End PBXGroup section */

/* Begin PBXNativeTarget section */
		D70A2C3129B453930026317B /* Trial */ = {
			isa = PBXNativeTarget;
			buildConfigurationList = D70A2C5C29B453940026317B /* Build configuration list for PBXNativeTarget "Trial" */;
			buildPhases = (
				D70A2C2E29B453930026317B /* Sources */,
				D70A2C2F29B453930026317B /* Frameworks */,
				D70A2C3029B453930026317B /* Resources */,
			);
			buildRules = (
			);
			dependencies = (
			);
			name = Trial;
			packageProductDependencies = (
				D70A2C7129B45B7C0026317B /* Then */,
				D70A2C8329B486CE0026317B /* Alamofire */,
			);
			productName = Trial;
			productReference = D70A2C3229B453930026317B /* Trial.app */;
			productType = "com.apple.product-type.application";
		};
		D70A2C4729B453940026317B /* TrialTests */ = {
			isa = PBXNativeTarget;
			buildConfigurationList = D70A2C5F29B453940026317B /* Build configuration list for PBXNativeTarget "TrialTests" */;
			buildPhases = (
				D70A2C4429B453940026317B /* Sources */,
				D70A2C4529B453940026317B /* Frameworks */,
				D70A2C4629B453940026317B /* Resources */,
			);
			buildRules = (
			);
			dependencies = (
				D70A2C4A29B453940026317B /* PBXTargetDependency */,
			);
			name = TrialTests;
			productName = TrialTests;
			productReference = D70A2C4829B453940026317B /* TrialTests.xctest */;
			productType = "com.apple.product-type.bundle.unit-test";
		};
		D70A2C5129B453940026317B /* TrialUITests */ = {
			isa = PBXNativeTarget;
			buildConfigurationList = D70A2C6229B453940026317B /* Build configuration list for PBXNativeTarget "TrialUITests" */;
			buildPhases = (
				D70A2C4E29B453940026317B /* Sources */,
				D70A2C4F29B453940026317B /* Frameworks */,
				D70A2C5029B453940026317B /* Resources */,
			);
			buildRules = (
			);
			dependencies = (
				D70A2C5429B453940026317B /* PBXTargetDependency */,
			);
			name = TrialUITests;
			productName = TrialUITests;
			productReference = D70A2C5229B453940026317B /* TrialUITests.xctest */;
			productType = "com.apple.product-type.bundle.ui-testing";
		};
/* End PBXNativeTarget section */

/* Begin PBXProject section */
		D70A2C2A29B453930026317B /* Project object */ = {
			isa = PBXProject;
			attributes = {
				BuildIndependentTargetsInParallel = 1;
				LastSwiftUpdateCheck = 1420;
				LastUpgradeCheck = 1420;
				TargetAttributes = {
					D70A2C3129B453930026317B = {
						CreatedOnToolsVersion = 14.2;
					};
					D70A2C4729B453940026317B = {
						CreatedOnToolsVersion = 14.2;
						TestTargetID = D70A2C3129B453930026317B;
					};
					D70A2C5129B453940026317B = {
						CreatedOnToolsVersion = 14.2;
						TestTargetID = D70A2C3129B453930026317B;
					};
				};
			};
			buildConfigurationList = D70A2C2D29B453930026317B /* Build configuration list for PBXProject "Trial" */;
			compatibilityVersion = "Xcode 14.0";
			developmentRegion = en;
			hasScannedForEncodings = 0;
			knownRegions = (
				en,
				Base,
			);
			mainGroup = D70A2C2929B453930026317B;
			packageReferences = (
				D70A2C7029B45B7C0026317B /* XCRemoteSwiftPackageReference "Then" */,
				D70A2C8229B486CE0026317B /* XCRemoteSwiftPackageReference "Alamofire" */,
			);
			productRefGroup = D70A2C3329B453930026317B /* Products */;
			projectDirPath = "";
			projectRoot = "";
			targets = (
				D70A2C3129B453930026317B /* Trial */,
				D70A2C4729B453940026317B /* TrialTests */,
				D70A2C5129B453940026317B /* TrialUITests */,
			);
		};
/* End PBXProject section */

/* Begin PBXResourcesBuildPhase section */
		D70A2C3029B453930026317B /* Resources */ = {
			isa = PBXResourcesBuildPhase;
			buildActionMask = 2147483647;
			files = (
				D70A2C4329B453940026317B /* Preview Assets.xcassets in Resources */,
				D70A2C3F29B453940026317B /* Assets.xcassets in Resources */,
				6ADF92F429B5D5A500FAB752 /* output4.caf in Resources */,
			);
			runOnlyForDeploymentPostprocessing = 0;
		};
		D70A2C4629B453940026317B /* Resources */ = {
			isa = PBXResourcesBuildPhase;
			buildActionMask = 2147483647;
			files = (
			);
			runOnlyForDeploymentPostprocessing = 0;
		};
		D70A2C5029B453940026317B /* Resources */ = {
			isa = PBXResourcesBuildPhase;
			buildActionMask = 2147483647;
			files = (
			);
			runOnlyForDeploymentPostprocessing = 0;
		};
/* End PBXResourcesBuildPhase section */

/* Begin PBXSourcesBuildPhase section */
		D70A2C2E29B453930026317B /* Sources */ = {
			isa = PBXSourcesBuildPhase;
			buildActionMask = 2147483647;
			files = (
				6AD5302129B5A7C4005CBF33 /* JSONSchemaSupport.swift in Sources */,
				6AD5302329B5A80E005CBF33 /* Enclosure.swift in Sources */,
				D70A2C8129B477690026317B /* EpisodeRow.swift in Sources */,
				D70A2C6B29B455CD0026317B /* EpisodeClient.swift in Sources */,
				D70A2C7629B45CF50026317B /* EpisodeLocation.swift in Sources */,
				6ADF92F229B5C09C00FAB752 /* DetailView.swift in Sources */,
				D70A2C3629B453930026317B /* TrialApp.swift in Sources */,
				D70A2C7829B4616E0026317B /* Feed.swift in Sources */,
				D70A2C7E29B470BB0026317B /* Formatter+iso8601.swift in Sources */,
				6AD5301C29B5A75D005CBF33 /* Show.swift in Sources */,
				D70A2C7429B45CC40026317B /* CacheEntryObject.swift in Sources */,
				D70A2C6929B455910026317B /* Episode.swift in Sources */,
				D70A2C3829B453930026317B /* Persistence.swift in Sources */,
				6AD5302929B5B052005CBF33 /* PlayerControlBar.swift in Sources */,
				D70A2C6D29B459180026317B /* HTTPDataDownloader.swift in Sources */,
				D70A2C3D29B453930026317B /* ContentView.swift in Sources */,
				D70A2C7A29B4648E0026317B /* NSCache+Subscript.swift in Sources */,
				6AD5302629B5AE66005CBF33 /* Model.swift in Sources */,
				D70A2C6729B455550026317B /* EpisodeProvider.swift in Sources */,
				6AD5301E29B5A792005CBF33 /* Owner.swift in Sources */,
				D70A2C3B29B453930026317B /* Trial.xcdatamodeld in Sources */,
				D70A2C6F29B459410026317B /* EpisodeError.swift in Sources */,
			);
			runOnlyForDeploymentPostprocessing = 0;
		};
		D70A2C4429B453940026317B /* Sources */ = {
			isa = PBXSourcesBuildPhase;
			buildActionMask = 2147483647;
			files = (
				D70A2C4D29B453940026317B /* TrialTests.swift in Sources */,
				D70A2C7C29B4675E0026317B /* TestData.swift in Sources */,
			);
			runOnlyForDeploymentPostprocessing = 0;
		};
		D70A2C4E29B453940026317B /* Sources */ = {
			isa = PBXSourcesBuildPhase;
			buildActionMask = 2147483647;
			files = (
				D70A2C5729B453940026317B /* TrialUITests.swift in Sources */,
				D70A2C5929B453940026317B /* TrialUITestsLaunchTests.swift in Sources */,
			);
			runOnlyForDeploymentPostprocessing = 0;
		};
/* End PBXSourcesBuildPhase section */

/* Begin PBXTargetDependency section */
		D70A2C4A29B453940026317B /* PBXTargetDependency */ = {
			isa = PBXTargetDependency;
			target = D70A2C3129B453930026317B /* Trial */;
			targetProxy = D70A2C4929B453940026317B /* PBXContainerItemProxy */;
		};
		D70A2C5429B453940026317B /* PBXTargetDependency */ = {
			isa = PBXTargetDependency;
			target = D70A2C3129B453930026317B /* Trial */;
			targetProxy = D70A2C5329B453940026317B /* PBXContainerItemProxy */;
		};
/* End PBXTargetDependency section */

/* Begin XCBuildConfiguration section */
		D70A2C5A29B453940026317B /* Debug */ = {
			isa = XCBuildConfiguration;
			buildSettings = {
				ALWAYS_SEARCH_USER_PATHS = NO;
				CLANG_ANALYZER_NONNULL = YES;
				CLANG_ANALYZER_NUMBER_OBJECT_CONVERSION = YES_AGGRESSIVE;
				CLANG_CXX_LANGUAGE_STANDARD = "gnu++20";
				CLANG_ENABLE_MODULES = YES;
				CLANG_ENABLE_OBJC_ARC = YES;
				CLANG_ENABLE_OBJC_WEAK = YES;
				CLANG_WARN_BLOCK_CAPTURE_AUTORELEASING = YES;
				CLANG_WARN_BOOL_CONVERSION = YES;
				CLANG_WARN_COMMA = YES;
				CLANG_WARN_CONSTANT_CONVERSION = YES;
				CLANG_WARN_DEPRECATED_OBJC_IMPLEMENTATIONS = YES;
				CLANG_WARN_DIRECT_OBJC_ISA_USAGE = YES_ERROR;
				CLANG_WARN_DOCUMENTATION_COMMENTS = YES;
				CLANG_WARN_EMPTY_BODY = YES;
				CLANG_WARN_ENUM_CONVERSION = YES;
				CLANG_WARN_INFINITE_RECURSION = YES;
				CLANG_WARN_INT_CONVERSION = YES;
				CLANG_WARN_NON_LITERAL_NULL_CONVERSION = YES;
				CLANG_WARN_OBJC_IMPLICIT_RETAIN_SELF = YES;
				CLANG_WARN_OBJC_LITERAL_CONVERSION = YES;
				CLANG_WARN_OBJC_ROOT_CLASS = YES_ERROR;
				CLANG_WARN_QUOTED_INCLUDE_IN_FRAMEWORK_HEADER = YES;
				CLANG_WARN_RANGE_LOOP_ANALYSIS = YES;
				CLANG_WARN_STRICT_PROTOTYPES = YES;
				CLANG_WARN_SUSPICIOUS_MOVE = YES;
				CLANG_WARN_UNGUARDED_AVAILABILITY = YES_AGGRESSIVE;
				CLANG_WARN_UNREACHABLE_CODE = YES;
				CLANG_WARN__DUPLICATE_METHOD_MATCH = YES;
				COPY_PHASE_STRIP = NO;
				DEBUG_INFORMATION_FORMAT = dwarf;
				ENABLE_STRICT_OBJC_MSGSEND = YES;
				ENABLE_TESTABILITY = YES;
				GCC_C_LANGUAGE_STANDARD = gnu11;
				GCC_DYNAMIC_NO_PIC = NO;
				GCC_NO_COMMON_BLOCKS = YES;
				GCC_OPTIMIZATION_LEVEL = 0;
				GCC_PREPROCESSOR_DEFINITIONS = (
					"DEBUG=1",
					"$(inherited)",
				);
				GCC_WARN_64_TO_32_BIT_CONVERSION = YES;
				GCC_WARN_ABOUT_RETURN_TYPE = YES_ERROR;
				GCC_WARN_UNDECLARED_SELECTOR = YES;
				GCC_WARN_UNINITIALIZED_AUTOS = YES_AGGRESSIVE;
				GCC_WARN_UNUSED_FUNCTION = YES;
				GCC_WARN_UNUSED_VARIABLE = YES;
				MTL_ENABLE_DEBUG_INFO = INCLUDE_SOURCE;
				MTL_FAST_MATH = YES;
				ONLY_ACTIVE_ARCH = YES;
				SWIFT_ACTIVE_COMPILATION_CONDITIONS = DEBUG;
				SWIFT_OPTIMIZATION_LEVEL = "-Onone";
			};
			name = Debug;
		};
		D70A2C5B29B453940026317B /* Release */ = {
			isa = XCBuildConfiguration;
			buildSettings = {
				ALWAYS_SEARCH_USER_PATHS = NO;
				CLANG_ANALYZER_NONNULL = YES;
				CLANG_ANALYZER_NUMBER_OBJECT_CONVERSION = YES_AGGRESSIVE;
				CLANG_CXX_LANGUAGE_STANDARD = "gnu++20";
				CLANG_ENABLE_MODULES = YES;
				CLANG_ENABLE_OBJC_ARC = YES;
				CLANG_ENABLE_OBJC_WEAK = YES;
				CLANG_WARN_BLOCK_CAPTURE_AUTORELEASING = YES;
				CLANG_WARN_BOOL_CONVERSION = YES;
				CLANG_WARN_COMMA = YES;
				CLANG_WARN_CONSTANT_CONVERSION = YES;
				CLANG_WARN_DEPRECATED_OBJC_IMPLEMENTATIONS = YES;
				CLANG_WARN_DIRECT_OBJC_ISA_USAGE = YES_ERROR;
				CLANG_WARN_DOCUMENTATION_COMMENTS = YES;
				CLANG_WARN_EMPTY_BODY = YES;
				CLANG_WARN_ENUM_CONVERSION = YES;
				CLANG_WARN_INFINITE_RECURSION = YES;
				CLANG_WARN_INT_CONVERSION = YES;
				CLANG_WARN_NON_LITERAL_NULL_CONVERSION = YES;
				CLANG_WARN_OBJC_IMPLICIT_RETAIN_SELF = YES;
				CLANG_WARN_OBJC_LITERAL_CONVERSION = YES;
				CLANG_WARN_OBJC_ROOT_CLASS = YES_ERROR;
				CLANG_WARN_QUOTED_INCLUDE_IN_FRAMEWORK_HEADER = YES;
				CLANG_WARN_RANGE_LOOP_ANALYSIS = YES;
				CLANG_WARN_STRICT_PROTOTYPES = YES;
				CLANG_WARN_SUSPICIOUS_MOVE = YES;
				CLANG_WARN_UNGUARDED_AVAILABILITY = YES_AGGRESSIVE;
				CLANG_WARN_UNREACHABLE_CODE = YES;
				CLANG_WARN__DUPLICATE_METHOD_MATCH = YES;
				COPY_PHASE_STRIP = NO;
				DEBUG_INFORMATION_FORMAT = "dwarf-with-dsym";
				ENABLE_NS_ASSERTIONS = NO;
				ENABLE_STRICT_OBJC_MSGSEND = YES;
				GCC_C_LANGUAGE_STANDARD = gnu11;
				GCC_NO_COMMON_BLOCKS = YES;
				GCC_WARN_64_TO_32_BIT_CONVERSION = YES;
				GCC_WARN_ABOUT_RETURN_TYPE = YES_ERROR;
				GCC_WARN_UNDECLARED_SELECTOR = YES;
				GCC_WARN_UNINITIALIZED_AUTOS = YES_AGGRESSIVE;
				GCC_WARN_UNUSED_FUNCTION = YES;
				GCC_WARN_UNUSED_VARIABLE = YES;
				MTL_ENABLE_DEBUG_INFO = NO;
				MTL_FAST_MATH = YES;
				SWIFT_COMPILATION_MODE = wholemodule;
				SWIFT_OPTIMIZATION_LEVEL = "-O";
			};
			name = Release;
		};
		D70A2C5D29B453940026317B /* Debug */ = {
			isa = XCBuildConfiguration;
			buildSettings = {
				ASSETCATALOG_COMPILER_APPICON_NAME = AppIcon;
				ASSETCATALOG_COMPILER_GLOBAL_ACCENT_COLOR_NAME = AccentColor;
				CODE_SIGN_ENTITLEMENTS = Trial/Trial.entitlements;
				CODE_SIGN_STYLE = Automatic;
				CURRENT_PROJECT_VERSION = 1;
				DEVELOPMENT_ASSET_PATHS = "\"Trial/Preview Content\"";
				DEVELOPMENT_TEAM = 9D6252P8CD;
				ENABLE_HARDENED_RUNTIME = YES;
				ENABLE_PREVIEWS = YES;
				GENERATE_INFOPLIST_FILE = YES;
				"INFOPLIST_KEY_UIApplicationSceneManifest_Generation[sdk=iphoneos*]" = YES;
				"INFOPLIST_KEY_UIApplicationSceneManifest_Generation[sdk=iphonesimulator*]" = YES;
				"INFOPLIST_KEY_UIApplicationSupportsIndirectInputEvents[sdk=iphoneos*]" = YES;
				"INFOPLIST_KEY_UIApplicationSupportsIndirectInputEvents[sdk=iphonesimulator*]" = YES;
				"INFOPLIST_KEY_UILaunchScreen_Generation[sdk=iphoneos*]" = YES;
				"INFOPLIST_KEY_UILaunchScreen_Generation[sdk=iphonesimulator*]" = YES;
				"INFOPLIST_KEY_UIStatusBarStyle[sdk=iphoneos*]" = UIStatusBarStyleDefault;
				"INFOPLIST_KEY_UIStatusBarStyle[sdk=iphonesimulator*]" = UIStatusBarStyleDefault;
				INFOPLIST_KEY_UISupportedInterfaceOrientations_iPad = "UIInterfaceOrientationPortrait UIInterfaceOrientationPortraitUpsideDown UIInterfaceOrientationLandscapeLeft UIInterfaceOrientationLandscapeRight";
				INFOPLIST_KEY_UISupportedInterfaceOrientations_iPhone = "UIInterfaceOrientationPortrait UIInterfaceOrientationLandscapeLeft UIInterfaceOrientationLandscapeRight";
				IPHONEOS_DEPLOYMENT_TARGET = 16.2;
				LD_RUNPATH_SEARCH_PATHS = "@executable_path/Frameworks";
				"LD_RUNPATH_SEARCH_PATHS[sdk=macosx*]" = "@executable_path/../Frameworks";
				MACOSX_DEPLOYMENT_TARGET = 13.1;
				MARKETING_VERSION = 1.0;
				PRODUCT_BUNDLE_IDENTIFIER = dev.therebedragons.Trial;
				PRODUCT_NAME = "$(TARGET_NAME)";
				SDKROOT = auto;
				SUPPORTED_PLATFORMS = "iphoneos iphonesimulator macosx";
				SWIFT_EMIT_LOC_STRINGS = YES;
				SWIFT_VERSION = 5.0;
				TARGETED_DEVICE_FAMILY = "1,2";
			};
			name = Debug;
		};
		D70A2C5E29B453940026317B /* Release */ = {
			isa = XCBuildConfiguration;
			buildSettings = {
				ASSETCATALOG_COMPILER_APPICON_NAME = AppIcon;
				ASSETCATALOG_COMPILER_GLOBAL_ACCENT_COLOR_NAME = AccentColor;
				CODE_SIGN_ENTITLEMENTS = Trial/Trial.entitlements;
				CODE_SIGN_STYLE = Automatic;
				CURRENT_PROJECT_VERSION = 1;
				DEVELOPMENT_ASSET_PATHS = "\"Trial/Preview Content\"";
				DEVELOPMENT_TEAM = 9D6252P8CD;
				ENABLE_HARDENED_RUNTIME = YES;
				ENABLE_PREVIEWS = YES;
				GENERATE_INFOPLIST_FILE = YES;
				"INFOPLIST_KEY_UIApplicationSceneManifest_Generation[sdk=iphoneos*]" = YES;
				"INFOPLIST_KEY_UIApplicationSceneManifest_Generation[sdk=iphonesimulator*]" = YES;
				"INFOPLIST_KEY_UIApplicationSupportsIndirectInputEvents[sdk=iphoneos*]" = YES;
				"INFOPLIST_KEY_UIApplicationSupportsIndirectInputEvents[sdk=iphonesimulator*]" = YES;
				"INFOPLIST_KEY_UILaunchScreen_Generation[sdk=iphoneos*]" = YES;
				"INFOPLIST_KEY_UILaunchScreen_Generation[sdk=iphonesimulator*]" = YES;
				"INFOPLIST_KEY_UIStatusBarStyle[sdk=iphoneos*]" = UIStatusBarStyleDefault;
				"INFOPLIST_KEY_UIStatusBarStyle[sdk=iphonesimulator*]" = UIStatusBarStyleDefault;
				INFOPLIST_KEY_UISupportedInterfaceOrientations_iPad = "UIInterfaceOrientationPortrait UIInterfaceOrientationPortraitUpsideDown UIInterfaceOrientationLandscapeLeft UIInterfaceOrientationLandscapeRight";
				INFOPLIST_KEY_UISupportedInterfaceOrientations_iPhone = "UIInterfaceOrientationPortrait UIInterfaceOrientationLandscapeLeft UIInterfaceOrientationLandscapeRight";
				IPHONEOS_DEPLOYMENT_TARGET = 16.2;
				LD_RUNPATH_SEARCH_PATHS = "@executable_path/Frameworks";
				"LD_RUNPATH_SEARCH_PATHS[sdk=macosx*]" = "@executable_path/../Frameworks";
				MACOSX_DEPLOYMENT_TARGET = 13.1;
				MARKETING_VERSION = 1.0;
				PRODUCT_BUNDLE_IDENTIFIER = dev.therebedragons.Trial;
				PRODUCT_NAME = "$(TARGET_NAME)";
				SDKROOT = auto;
				SUPPORTED_PLATFORMS = "iphoneos iphonesimulator macosx";
				SWIFT_EMIT_LOC_STRINGS = YES;
				SWIFT_VERSION = 5.0;
				TARGETED_DEVICE_FAMILY = "1,2";
			};
			name = Release;
		};
		D70A2C6029B453940026317B /* Debug */ = {
			isa = XCBuildConfiguration;
			buildSettings = {
				ALWAYS_EMBED_SWIFT_STANDARD_LIBRARIES = YES;
				BUNDLE_LOADER = "$(TEST_HOST)";
				CODE_SIGN_STYLE = Automatic;
				CURRENT_PROJECT_VERSION = 1;
				DEVELOPMENT_TEAM = 9D6252P8CD;
				GENERATE_INFOPLIST_FILE = YES;
				IPHONEOS_DEPLOYMENT_TARGET = 16.2;
				MACOSX_DEPLOYMENT_TARGET = 13.1;
				MARKETING_VERSION = 1.0;
				PRODUCT_BUNDLE_IDENTIFIER = dev.therebedragons.TrialTests;
				PRODUCT_NAME = "$(TARGET_NAME)";
				SDKROOT = auto;
				SUPPORTED_PLATFORMS = "iphoneos iphonesimulator macosx";
				SWIFT_EMIT_LOC_STRINGS = NO;
				SWIFT_VERSION = 5.0;
				TARGETED_DEVICE_FAMILY = "1,2";
				TEST_HOST = "$(BUILT_PRODUCTS_DIR)/Trial.app/$(BUNDLE_EXECUTABLE_FOLDER_PATH)/Trial";
			};
			name = Debug;
		};
		D70A2C6129B453940026317B /* Release */ = {
			isa = XCBuildConfiguration;
			buildSettings = {
				ALWAYS_EMBED_SWIFT_STANDARD_LIBRARIES = YES;
				BUNDLE_LOADER = "$(TEST_HOST)";
				CODE_SIGN_STYLE = Automatic;
				CURRENT_PROJECT_VERSION = 1;
				DEVELOPMENT_TEAM = 9D6252P8CD;
				GENERATE_INFOPLIST_FILE = YES;
				IPHONEOS_DEPLOYMENT_TARGET = 16.2;
				MACOSX_DEPLOYMENT_TARGET = 13.1;
				MARKETING_VERSION = 1.0;
				PRODUCT_BUNDLE_IDENTIFIER = dev.therebedragons.TrialTests;
				PRODUCT_NAME = "$(TARGET_NAME)";
				SDKROOT = auto;
				SUPPORTED_PLATFORMS = "iphoneos iphonesimulator macosx";
				SWIFT_EMIT_LOC_STRINGS = NO;
				SWIFT_VERSION = 5.0;
				TARGETED_DEVICE_FAMILY = "1,2";
				TEST_HOST = "$(BUILT_PRODUCTS_DIR)/Trial.app/$(BUNDLE_EXECUTABLE_FOLDER_PATH)/Trial";
			};
			name = Release;
		};
		D70A2C6329B453940026317B /* Debug */ = {
			isa = XCBuildConfiguration;
			buildSettings = {
				ALWAYS_EMBED_SWIFT_STANDARD_LIBRARIES = YES;
				CODE_SIGN_STYLE = Automatic;
				CURRENT_PROJECT_VERSION = 1;
				DEVELOPMENT_TEAM = 9D6252P8CD;
				GENERATE_INFOPLIST_FILE = YES;
				IPHONEOS_DEPLOYMENT_TARGET = 16.2;
				MACOSX_DEPLOYMENT_TARGET = 13.1;
				MARKETING_VERSION = 1.0;
				PRODUCT_BUNDLE_IDENTIFIER = dev.therebedragons.TrialUITests;
				PRODUCT_NAME = "$(TARGET_NAME)";
				SDKROOT = auto;
				SUPPORTED_PLATFORMS = "iphoneos iphonesimulator macosx";
				SWIFT_EMIT_LOC_STRINGS = NO;
				SWIFT_VERSION = 5.0;
				TARGETED_DEVICE_FAMILY = "1,2";
				TEST_TARGET_NAME = Trial;
			};
			name = Debug;
		};
		D70A2C6429B453940026317B /* Release */ = {
			isa = XCBuildConfiguration;
			buildSettings = {
				ALWAYS_EMBED_SWIFT_STANDARD_LIBRARIES = YES;
				CODE_SIGN_STYLE = Automatic;
				CURRENT_PROJECT_VERSION = 1;
				DEVELOPMENT_TEAM = 9D6252P8CD;
				GENERATE_INFOPLIST_FILE = YES;
				IPHONEOS_DEPLOYMENT_TARGET = 16.2;
				MACOSX_DEPLOYMENT_TARGET = 13.1;
				MARKETING_VERSION = 1.0;
				PRODUCT_BUNDLE_IDENTIFIER = dev.therebedragons.TrialUITests;
				PRODUCT_NAME = "$(TARGET_NAME)";
				SDKROOT = auto;
				SUPPORTED_PLATFORMS = "iphoneos iphonesimulator macosx";
				SWIFT_EMIT_LOC_STRINGS = NO;
				SWIFT_VERSION = 5.0;
				TARGETED_DEVICE_FAMILY = "1,2";
				TEST_TARGET_NAME = Trial;
			};
			name = Release;
		};
/* End XCBuildConfiguration section */

/* Begin XCConfigurationList section */
		D70A2C2D29B453930026317B /* Build configuration list for PBXProject "Trial" */ = {
			isa = XCConfigurationList;
			buildConfigurations = (
				D70A2C5A29B453940026317B /* Debug */,
				D70A2C5B29B453940026317B /* Release */,
			);
			defaultConfigurationIsVisible = 0;
			defaultConfigurationName = Release;
		};
		D70A2C5C29B453940026317B /* Build configuration list for PBXNativeTarget "Trial" */ = {
			isa = XCConfigurationList;
			buildConfigurations = (
				D70A2C5D29B453940026317B /* Debug */,
				D70A2C5E29B453940026317B /* Release */,
			);
			defaultConfigurationIsVisible = 0;
			defaultConfigurationName = Release;
		};
		D70A2C5F29B453940026317B /* Build configuration list for PBXNativeTarget "TrialTests" */ = {
			isa = XCConfigurationList;
			buildConfigurations = (
				D70A2C6029B453940026317B /* Debug */,
				D70A2C6129B453940026317B /* Release */,
			);
			defaultConfigurationIsVisible = 0;
			defaultConfigurationName = Release;
		};
		D70A2C6229B453940026317B /* Build configuration list for PBXNativeTarget "TrialUITests" */ = {
			isa = XCConfigurationList;
			buildConfigurations = (
				D70A2C6329B453940026317B /* Debug */,
				D70A2C6429B453940026317B /* Release */,
			);
			defaultConfigurationIsVisible = 0;
			defaultConfigurationName = Release;
		};
/* End XCConfigurationList section */

/* Begin XCRemoteSwiftPackageReference section */
		D70A2C7029B45B7C0026317B /* XCRemoteSwiftPackageReference "Then" */ = {
			isa = XCRemoteSwiftPackageReference;
			repositoryURL = "https://github.com/devxoul/Then";
			requirement = {
				kind = upToNextMajorVersion;
				minimumVersion = 3.0.0;
			};
		};
		D70A2C8229B486CE0026317B /* XCRemoteSwiftPackageReference "Alamofire" */ = {
			isa = XCRemoteSwiftPackageReference;
			repositoryURL = "https://github.com/Alamofire/Alamofire.git";
			requirement = {
				kind = upToNextMajorVersion;
				minimumVersion = 5.0.0;
			};
		};
/* End XCRemoteSwiftPackageReference section */

/* Begin XCSwiftPackageProductDependency section */
		D70A2C7129B45B7C0026317B /* Then */ = {
			isa = XCSwiftPackageProductDependency;
			package = D70A2C7029B45B7C0026317B /* XCRemoteSwiftPackageReference "Then" */;
			productName = Then;
		};
		D70A2C8329B486CE0026317B /* Alamofire */ = {
			isa = XCSwiftPackageProductDependency;
			package = D70A2C8229B486CE0026317B /* XCRemoteSwiftPackageReference "Alamofire" */;
			productName = Alamofire;
		};
/* End XCSwiftPackageProductDependency section */

/* Begin XCVersionGroup section */
		D70A2C3929B453930026317B /* Trial.xcdatamodeld */ = {
			isa = XCVersionGroup;
			children = (
				D70A2C3A29B453930026317B /* Trial.xcdatamodel */,
			);
			currentVersion = D70A2C3A29B453930026317B /* Trial.xcdatamodel */;
			path = Trial.xcdatamodeld;
			sourceTree = "<group>";
			versionGroupType = wrapper.xcdatamodel;
		};
/* End XCVersionGroup section */
	};
	rootObject = D70A2C2A29B453930026317B /* Project object */;
}
